
Microsoft Visual Studio Solution File, Format Version 12.00
# Visual Studio Version 17
VisualStudioVersion = 17.0.31903.59
MinimumVisualStudioVersion = 10.0.40219.1
Project("{9A19103F-16F7-4668-BE54-9A1E7A4F7556}") = "FH5RP", "FH5RP.csproj", "{A0A5FCAE-CAE9-4322-8ACB-1403D40D3339}"
EndProject
Global
	GlobalSection(SolutionConfigurationPlatforms) = preSolution
		Debug|Any CPU = Debug|Any CPU
		Release|Any CPU = Release|Any CPU
	EndGlobalSection
	GlobalSection(ProjectConfigurationPlatforms) = postSolution
		{A0A5FCAE-CAE9-4322-8ACB-1403D40D3339}.Debug|Any CPU.ActiveCfg = Debug|Any CPU
		{A0A5FCAE-CAE9-4322-8ACB-1403D40D3339}.Debug|Any CPU.Build.0 = Debug|Any CPU
		{A0A5FCAE-CAE9-4322-8ACB-1403D40D3339}.Release|Any CPU.ActiveCfg = Release|Any CPU
		{A0A5FCAE-CAE9-4322-8ACB-1403D40D3339}.Release|Any CPU.Build.0 = Release|Any CPU
	EndGlobalSection
	GlobalSection(SolutionProperties) = preSolution
		HideSolutionNode = FALSE
	EndGlobalSection
	GlobalSection(ExtensibilityGlobals) = postSolution
		SolutionGuid = {C38B3705-E764-4F30-88F7-1D380C4B7AA4}
	EndGlobalSection
EndGlobal
